
Microsoft Visual Studio Solution File, Format Version 12.00
# Visual Studio Version 16
VisualStudioVersion = 16.0.31729.503
MinimumVisualStudioVersion = 10.0.40219.1
Project("{9A19103F-16F7-4668-BE54-9A1E7A4F7556}") = "DataAccess", "DataAccess\DataAccess.csproj", "{EF86BD8B-3495-4E70-BD04-C682E96C1BBF}"
EndProject
Project("{9A19103F-16F7-4668-BE54-9A1E7A4F7556}") = "Business", "Business\Business.csproj", "{367F4B98-D71E-420C-9B59-6E381CF1E91B}"
EndProject
Project("{9A19103F-16F7-4668-BE54-9A1E7A4F7556}") = "Entities", "Entities\Entities.csproj", "{C7FFE163-29D0-4EEF-9965-89C4E9CE4DB0}"
EndProject
Project("{9A19103F-16F7-4668-BE54-9A1E7A4F7556}") = "ConsoleUI", "ConsoleUI\ConsoleUI.csproj", "{6DB20E65-157F-4AA3-BBF0-FB72E526B617}"
EndProject
Project("{9A19103F-16F7-4668-BE54-9A1E7A4F7556}") = "Core", "Core\Core.csproj", "{A191D549-872E-465C-BEBE-A51E64E9AEBC}"
EndProject
Project("{FAE04EC0-301F-11D3-BF4B-00C04F79EFBC}") = "WebAPI", "WebAPI\WebAPI.csproj", "{63C2B54F-25CA-4475-933C-FFA435ADBB07}"
EndProject
Global
	GlobalSection(SolutionConfigurationPlatforms) = preSolution
		Debug|Any CPU = Debug|Any CPU
		Release|Any CPU = Release|Any CPU
	EndGlobalSection
	GlobalSection(ProjectConfigurationPlatforms) = postSolution
		{EF86BD8B-3495-4E70-BD04-C682E96C1BBF}.Debug|Any CPU.ActiveCfg = Debug|Any CPU
		{EF86BD8B-3495-4E70-BD04-C682E96C1BBF}.Debug|Any CPU.Build.0 = Debug|Any CPU
		{EF86BD8B-3495-4E70-BD04-C682E96C1BBF}.Release|Any CPU.ActiveCfg = Release|Any CPU
		{EF86BD8B-3495-4E70-BD04-C682E96C1BBF}.Release|Any CPU.Build.0 = Release|Any CPU
		{367F4B98-D71E-420C-9B59-6E381CF1E91B}.Debug|Any CPU.ActiveCfg = Debug|Any CPU
		{367F4B98-D71E-420C-9B59-6E381CF1E91B}.Debug|Any CPU.Build.0 = Debug|Any CPU
		{367F4B98-D71E-420C-9B59-6E381CF1E91B}.Release|Any CPU.ActiveCfg = Release|Any CPU
		{367F4B98-D71E-420C-9B59-6E381CF1E91B}.Release|Any CPU.Build.0 = Release|Any CPU
		{C7FFE163-29D0-4EEF-9965-89C4E9CE4DB0}.Debug|Any CPU.ActiveCfg = Debug|Any CPU
		{C7FFE163-29D0-4EEF-9965-89C4E9CE4DB0}.Debug|Any CPU.Build.0 = Debug|Any CPU
		{C7FFE163-29D0-4EEF-9965-89C4E9CE4DB0}.Release|Any CPU.ActiveCfg = Release|Any CPU
		{C7FFE163-29D0-4EEF-9965-89C4E9CE4DB0}.Release|Any CPU.Build.0 = Release|Any CPU
		{6DB20E65-157F-4AA3-BBF0-FB72E526B617}.Debug|Any CPU.ActiveCfg = Debug|Any CPU
		{6DB20E65-157F-4AA3-BBF0-FB72E526B617}.Debug|Any CPU.Build.0 = Debug|Any CPU
		{6DB20E65-157F-4AA3-BBF0-FB72E526B617}.Release|Any CPU.ActiveCfg = Release|Any CPU
		{6DB20E65-157F-4AA3-BBF0-FB72E526B617}.Release|Any CPU.Build.0 = Release|Any CPU
		{A191D549-872E-465C-BEBE-A51E64E9AEBC}.Debug|Any CPU.ActiveCfg = Debug|Any CPU
		{A191D549-872E-465C-BEBE-A51E64E9AEBC}.Debug|Any CPU.Build.0 = Debug|Any CPU
		{A191D549-872E-465C-BEBE-A51E64E9AEBC}.Release|Any CPU.ActiveCfg = Release|Any CPU
		{A191D549-872E-465C-BEBE-A51E64E9AEBC}.Release|Any CPU.Build.0 = Release|Any CPU
		{63C2B54F-25CA-4475-933C-FFA435ADBB07}.Debug|Any CPU.ActiveCfg = Debug|Any CPU
		{63C2B54F-25CA-4475-933C-FFA435ADBB07}.Debug|Any CPU.Build.0 = Debug|Any CPU
		{63C2B54F-25CA-4475-933C-FFA435ADBB07}.Release|Any CPU.ActiveCfg = Release|Any CPU
		{63C2B54F-25CA-4475-933C-FFA435ADBB07}.Release|Any CPU.Build.0 = Release|Any CPU
	EndGlobalSection
	GlobalSection(SolutionProperties) = preSolution
		HideSolutionNode = FALSE
	EndGlobalSection
	GlobalSection(ExtensibilityGlobals) = postSolution
		SolutionGuid = {EB86E2BB-B9B4-4742-83E2-5BB8B62FE983}
	EndGlobalSection
EndGlobal
